
Microsoft Visual Studio Solution File, Format Version 12.00
# Visual Studio Version 17
VisualStudioVersion = 17.6.33815.320
MinimumVisualStudioVersion = 10.0.40219.1
Project("{FAE04EC0-301F-11D3-BF4B-00C04F79EFBC}") = "demoGit", "demoGit\demoGit.csproj", "{2EDA136B-1C52-4D2A-AE2D-B08F27C33BBD}"
EndProject
Global
	GlobalSection(SolutionConfigurationPlatforms) = preSolution
		Debug|Any CPU = Debug|Any CPU
		Release|Any CPU = Release|Any CPU
	EndGlobalSection
	GlobalSection(ProjectConfigurationPlatforms) = postSolution
		{2EDA136B-1C52-4D2A-AE2D-B08F27C33BBD}.Debug|Any CPU.ActiveCfg = Debug|Any CPU
		{2EDA136B-1C52-4D2A-AE2D-B08F27C33BBD}.Debug|Any CPU.Build.0 = Debug|Any CPU
		{2EDA136B-1C52-4D2A-AE2D-B08F27C33BBD}.Release|Any CPU.ActiveCfg = Release|Any CPU
		{2EDA136B-1C52-4D2A-AE2D-B08F27C33BBD}.Release|Any CPU.Build.0 = Release|Any CPU
	EndGlobalSection
	GlobalSection(SolutionProperties) = preSolution
		HideSolutionNode = FALSE
	EndGlobalSection
	GlobalSection(ExtensibilityGlobals) = postSolution
		SolutionGuid = {FCAF8358-FA22-48D0-ABDC-A3DA5B487E07}
	EndGlobalSection
EndGlobal
